
Microsoft Visual Studio Solution File, Format Version 12.00
# Visual Studio Version 16
VisualStudioVersion = 16.0.29503.13
MinimumVisualStudioVersion = 10.0.40219.1
Project("{8BC9CEB8-8B4A-11D0-8D11-00A0C91BC942}") = "LeetCodeSolution", "LeetCodeSolution.vcxproj", "{1F8DBB4F-4207-4756-AE0D-A02187B371FE}"
EndProject
Project("{8BC9CEB8-8B4A-11D0-8D11-00A0C91BC942}") = "LintCodeSolution", "..\LintCodeSolution\LintCodeSolution.vcxproj", "{89435CA2-A8A6-4B6C-A4EF-FBC3C632EFC1}"
EndProject
Global
	GlobalSection(SolutionConfigurationPlatforms) = preSolution
		Debug|x64 = Debug|x64
		Debug|x86 = Debug|x86
		Release|x64 = Release|x64
		Release|x86 = Release|x86
	EndGlobalSection
	GlobalSection(ProjectConfigurationPlatforms) = postSolution
		{1F8DBB4F-4207-4756-AE0D-A02187B371FE}.Debug|x64.ActiveCfg = Debug|x64
		{1F8DBB4F-4207-4756-AE0D-A02187B371FE}.Debug|x64.Build.0 = Debug|x64
		{1F8DBB4F-4207-4756-AE0D-A02187B371FE}.Debug|x86.ActiveCfg = Debug|Win32
		{1F8DBB4F-4207-4756-AE0D-A02187B371FE}.Debug|x86.Build.0 = Debug|Win32
		{1F8DBB4F-4207-4756-AE0D-A02187B371FE}.Release|x64.ActiveCfg = Release|x64
		{1F8DBB4F-4207-4756-AE0D-A02187B371FE}.Release|x64.Build.0 = Release|x64
		{1F8DBB4F-4207-4756-AE0D-A02187B371FE}.Release|x86.ActiveCfg = Release|Win32
		{1F8DBB4F-4207-4756-AE0D-A02187B371FE}.Release|x86.Build.0 = Release|Win32
		{89435CA2-A8A6-4B6C-A4EF-FBC3C632EFC1}.Debug|x64.ActiveCfg = Debug|x64
		{89435CA2-A8A6-4B6C-A4EF-FBC3C632EFC1}.Debug|x64.Build.0 = Debug|x64
		{89435CA2-A8A6-4B6C-A4EF-FBC3C632EFC1}.Debug|x86.ActiveCfg = Debug|Win32
		{89435CA2-A8A6-4B6C-A4EF-FBC3C632EFC1}.Debug|x86.Build.0 = Debug|Win32
		{89435CA2-A8A6-4B6C-A4EF-FBC3C632EFC1}.Release|x64.ActiveCfg = Release|x64
		{89435CA2-A8A6-4B6C-A4EF-FBC3C632EFC1}.Release|x64.Build.0 = Release|x64
		{89435CA2-A8A6-4B6C-A4EF-FBC3C632EFC1}.Release|x86.ActiveCfg = Release|Win32
		{89435CA2-A8A6-4B6C-A4EF-FBC3C632EFC1}.Release|x86.Build.0 = Release|Win32
	EndGlobalSection
	GlobalSection(SolutionProperties) = preSolution
		HideSolutionNode = FALSE
	EndGlobalSection
	GlobalSection(ExtensibilityGlobals) = postSolution
		SolutionGuid = {FD0F5535-C570-4ABC-B13A-1993DF0A0F41}
	EndGlobalSection
EndGlobal
